// !$*UTF8*$!
{
	archiveVersion = 1;
	classes = {
	};
	objectVersion = 50;
	objects = {

/* Begin PBXBuildFile section */
		E2933B6C2309171E00F68A87 /* AppDelegate.swift in Sources */ = {isa = PBXBuildFile; fileRef = E2933B6B2309171E00F68A87 /* AppDelegate.swift */; };
		E2933B6E2309171E00F68A87 /* ViewController.swift in Sources */ = {isa = PBXBuildFile; fileRef = E2933B6D2309171E00F68A87 /* ViewController.swift */; };
		E2933B712309171E00F68A87 /* Main.storyboard in Resources */ = {isa = PBXBuildFile; fileRef = E2933B6F2309171E00F68A87 /* Main.storyboard */; };
		E2933B732309171F00F68A87 /* Assets.xcassets in Resources */ = {isa = PBXBuildFile; fileRef = E2933B722309171F00F68A87 /* Assets.xcassets */; };
		E2933B762309171F00F68A87 /* LaunchScreen.storyboard in Resources */ = {isa = PBXBuildFile; fileRef = E2933B742309171F00F68A87 /* LaunchScreen.storyboard */; };
		E2933B7E23091A3600F68A87 /* GoogleService-Info.plist in Resources */ = {isa = PBXBuildFile; fileRef = E2933B7D23091A3600F68A87 /* GoogleService-Info.plist */; };
		E2933B812309420100F68A87 /* PenMenuViewController.swift in Sources */ = {isa = PBXBuildFile; fileRef = E2933B802309420100F68A87 /* PenMenuViewController.swift */; };
		E2933BAE230A8E0500F68A87 /* Login.storyboard in Resources */ = {isa = PBXBuildFile; fileRef = E2933BAD230A8E0500F68A87 /* Login.storyboard */; };
		E2933BB0230A8E1600F68A87 /* LoginViewController.swift in Sources */ = {isa = PBXBuildFile; fileRef = E2933BAF230A8E1600F68A87 /* LoginViewController.swift */; };
		E2933BB3230A9D3F00F68A87 /* TextFieldExtension.swift in Sources */ = {isa = PBXBuildFile; fileRef = E2933BB2230A9D3F00F68A87 /* TextFieldExtension.swift */; };
		E2933BB6230B815900F68A87 /* Top.storyboard in Resources */ = {isa = PBXBuildFile; fileRef = E2933BB5230B815900F68A87 /* Top.storyboard */; };
		E2933BB9230B8B9800F68A87 /* RoomView.storyboard in Resources */ = {isa = PBXBuildFile; fileRef = E2933BB8230B8B9800F68A87 /* RoomView.storyboard */; };
		E2933BBB230B8C1600F68A87 /* RoomViewController.swift in Sources */ = {isa = PBXBuildFile; fileRef = E2933BBA230B8C1600F68A87 /* RoomViewController.swift */; };
		E2933BBD230B9CA900F68A87 /* SelectRoomTableViewController.swift in Sources */ = {isa = PBXBuildFile; fileRef = E2933BBC230B9CA900F68A87 /* SelectRoomTableViewController.swift */; };
		E2933BC6230BF15200F68A87 /* Group.storyboard in Resources */ = {isa = PBXBuildFile; fileRef = E2933BC5230BF15200F68A87 /* Group.storyboard */; };
		E2933BC8230BF1A200F68A87 /* GroupViewController.swift in Sources */ = {isa = PBXBuildFile; fileRef = E2933BC7230BF1A200F68A87 /* GroupViewController.swift */; };
		E2933BCA230CD03400F68A87 /* TopViewController.swift in Sources */ = {isa = PBXBuildFile; fileRef = E2933BC9230CD03400F68A87 /* TopViewController.swift */; };
		E2933BCC230CEE4200F68A87 /* TopCollectionViewCell.swift in Sources */ = {isa = PBXBuildFile; fileRef = E2933BCB230CEE4200F68A87 /* TopCollectionViewCell.swift */; };
		E2933BCE230CF7AC00F68A87 /* WaittingViewController.swift in Sources */ = {isa = PBXBuildFile; fileRef = E2933BCD230CF7AC00F68A87 /* WaittingViewController.swift */; };
		FF7B436E961FE13A19A58309 /* Pods_ImageShareApp.framework in Frameworks */ = {isa = PBXBuildFile; fileRef = 49DAF47CDEED64D4EDF8A8F2 /* Pods_ImageShareApp.framework */; };
/* End PBXBuildFile section */

/* Begin PBXFileReference section */
		49DAF47CDEED64D4EDF8A8F2 /* Pods_ImageShareApp.framework */ = {isa = PBXFileReference; explicitFileType = wrapper.framework; includeInIndex = 0; path = Pods_ImageShareApp.framework; sourceTree = BUILT_PRODUCTS_DIR; };
		7A27C4FB47410843A627483A /* Pods-ImageShareApp.debug.xcconfig */ = {isa = PBXFileReference; includeInIndex = 1; lastKnownFileType = text.xcconfig; name = "Pods-ImageShareApp.debug.xcconfig"; path = "Target Support Files/Pods-ImageShareApp/Pods-ImageShareApp.debug.xcconfig"; sourceTree = "<group>"; };
		AABC53F33899CC8865AA40D2 /* Pods-ImageShareApp.release.xcconfig */ = {isa = PBXFileReference; includeInIndex = 1; lastKnownFileType = text.xcconfig; name = "Pods-ImageShareApp.release.xcconfig"; path = "Target Support Files/Pods-ImageShareApp/Pods-ImageShareApp.release.xcconfig"; sourceTree = "<group>"; };
		E2933B682309171E00F68A87 /* ImageShareApp.app */ = {isa = PBXFileReference; explicitFileType = wrapper.application; includeInIndex = 0; path = ImageShareApp.app; sourceTree = BUILT_PRODUCTS_DIR; };
		E2933B6B2309171E00F68A87 /* AppDelegate.swift */ = {isa = PBXFileReference; lastKnownFileType = sourcecode.swift; path = AppDelegate.swift; sourceTree = "<group>"; };
		E2933B6D2309171E00F68A87 /* ViewController.swift */ = {isa = PBXFileReference; lastKnownFileType = sourcecode.swift; path = ViewController.swift; sourceTree = "<group>"; };
		E2933B702309171E00F68A87 /* Base */ = {isa = PBXFileReference; lastKnownFileType = file.storyboard; name = Base; path = Base.lproj/Main.storyboard; sourceTree = "<group>"; };
		E2933B722309171F00F68A87 /* Assets.xcassets */ = {isa = PBXFileReference; lastKnownFileType = folder.assetcatalog; path = Assets.xcassets; sourceTree = "<group>"; };
		E2933B752309171F00F68A87 /* Base */ = {isa = PBXFileReference; lastKnownFileType = file.storyboard; name = Base; path = Base.lproj/LaunchScreen.storyboard; sourceTree = "<group>"; };
		E2933B772309171F00F68A87 /* Info.plist */ = {isa = PBXFileReference; lastKnownFileType = text.plist.xml; path = Info.plist; sourceTree = "<group>"; };
		E2933B7D23091A3600F68A87 /* GoogleService-Info.plist */ = {isa = PBXFileReference; fileEncoding = 4; lastKnownFileType = text.plist.xml; name = "GoogleService-Info.plist"; path = "../../../../Downloads/GoogleService-Info.plist"; sourceTree = "<group>"; };
		E2933B802309420100F68A87 /* PenMenuViewController.swift */ = {isa = PBXFileReference; lastKnownFileType = sourcecode.swift; path = PenMenuViewController.swift; sourceTree = "<group>"; };
		E2933BAD230A8E0500F68A87 /* Login.storyboard */ = {isa = PBXFileReference; lastKnownFileType = file.storyboard; path = Login.storyboard; sourceTree = "<group>"; };
		E2933BAF230A8E1600F68A87 /* LoginViewController.swift */ = {isa = PBXFileReference; lastKnownFileType = sourcecode.swift; path = LoginViewController.swift; sourceTree = "<group>"; };
		E2933BB2230A9D3F00F68A87 /* TextFieldExtension.swift */ = {isa = PBXFileReference; lastKnownFileType = sourcecode.swift; path = TextFieldExtension.swift; sourceTree = "<group>"; };
		E2933BB5230B815900F68A87 /* Top.storyboard */ = {isa = PBXFileReference; lastKnownFileType = file.storyboard; path = Top.storyboard; sourceTree = "<group>"; };
		E2933BB8230B8B9800F68A87 /* RoomView.storyboard */ = {isa = PBXFileReference; lastKnownFileType = file.storyboard; path = RoomView.storyboard; sourceTree = "<group>"; };
		E2933BBA230B8C1600F68A87 /* RoomViewController.swift */ = {isa = PBXFileReference; lastKnownFileType = sourcecode.swift; path = RoomViewController.swift; sourceTree = "<group>"; };
		E2933BBC230B9CA900F68A87 /* SelectRoomTableViewController.swift */ = {isa = PBXFileReference; lastKnownFileType = sourcecode.swift; path = SelectRoomTableViewController.swift; sourceTree = "<group>"; };
		E2933BC5230BF15200F68A87 /* Group.storyboard */ = {isa = PBXFileReference; lastKnownFileType = file.storyboard; path = Group.storyboard; sourceTree = "<group>"; };
		E2933BC7230BF1A200F68A87 /* GroupViewController.swift */ = {isa = PBXFileReference; lastKnownFileType = sourcecode.swift; path = GroupViewController.swift; sourceTree = "<group>"; };
		E2933BC9230CD03400F68A87 /* TopViewController.swift */ = {isa = PBXFileReference; lastKnownFileType = sourcecode.swift; path = TopViewController.swift; sourceTree = "<group>"; };
		E2933BCB230CEE4200F68A87 /* TopCollectionViewCell.swift */ = {isa = PBXFileReference; lastKnownFileType = sourcecode.swift; path = TopCollectionViewCell.swift; sourceTree = "<group>"; };
		E2933BCD230CF7AC00F68A87 /* WaittingViewController.swift */ = {isa = PBXFileReference; lastKnownFileType = sourcecode.swift; name = WaittingViewController.swift; path = /Users/shotaro/Documents/SpartaCamp/ImageShareApp/ImageShareApp/TopView/WaittingViewController.swift; sourceTree = "<absolute>"; };
/* End PBXFileReference section */

/* Begin PBXFrameworksBuildPhase section */
		E2933B652309171E00F68A87 /* Frameworks */ = {
			isa = PBXFrameworksBuildPhase;
			buildActionMask = 2147483647;
			files = (
				FF7B436E961FE13A19A58309 /* Pods_ImageShareApp.framework in Frameworks */,
			);
			runOnlyForDeploymentPostprocessing = 0;
		};
/* End PBXFrameworksBuildPhase section */

/* Begin PBXGroup section */
		47F9A6F07C26BA34E683BEA2 /* Frameworks */ = {
			isa = PBXGroup;
			children = (
				49DAF47CDEED64D4EDF8A8F2 /* Pods_ImageShareApp.framework */,
			);
			name = Frameworks;
			sourceTree = "<group>";
		};
		6E81A5AE2EDC292E158DB468 /* Pods */ = {
			isa = PBXGroup;
			children = (
				7A27C4FB47410843A627483A /* Pods-ImageShareApp.debug.xcconfig */,
				AABC53F33899CC8865AA40D2 /* Pods-ImageShareApp.release.xcconfig */,
			);
			path = Pods;
			sourceTree = "<group>";
		};
		E2933B5F2309171E00F68A87 = {
			isa = PBXGroup;
			children = (
				E2933B6A2309171E00F68A87 /* ImageShareApp */,
				E2933B692309171E00F68A87 /* Products */,
				6E81A5AE2EDC292E158DB468 /* Pods */,
				47F9A6F07C26BA34E683BEA2 /* Frameworks */,
			);
			sourceTree = "<group>";
		};
		E2933B692309171E00F68A87 /* Products */ = {
			isa = PBXGroup;
			children = (
				E2933B682309171E00F68A87 /* ImageShareApp.app */,
			);
			name = Products;
			sourceTree = "<group>";
		};
		E2933B6A2309171E00F68A87 /* ImageShareApp */ = {
			isa = PBXGroup;
			children = (
				E2933BC4230BF11700F68A87 /* GroupView */,
				E2933BB7230B8B8300F68A87 /* RoomView */,
				E2933BB4230B813400F68A87 /* TopView */,
				E2933BB1230A9D1800F68A87 /* extensions */,
				E2933BAC230A8DF400F68A87 /* LoginView */,
				E2933B7F23091DAC00F68A87 /* DrawView */,
				E2933B6B2309171E00F68A87 /* AppDelegate.swift */,
				E2933B722309171F00F68A87 /* Assets.xcassets */,
				E2933B742309171F00F68A87 /* LaunchScreen.storyboard */,
				E2933B772309171F00F68A87 /* Info.plist */,
				E2933B7D23091A3600F68A87 /* GoogleService-Info.plist */,
			);
			path = ImageShareApp;
			sourceTree = "<group>";
		};
		E2933B7F23091DAC00F68A87 /* DrawView */ = {
			isa = PBXGroup;
			children = (
				E2933B6D2309171E00F68A87 /* ViewController.swift */,
				E2933B6F2309171E00F68A87 /* Main.storyboard */,
				E2933B802309420100F68A87 /* PenMenuViewController.swift */,
			);
			path = DrawView;
			sourceTree = "<group>";
		};
		E2933BAC230A8DF400F68A87 /* LoginView */ = {
			isa = PBXGroup;
			children = (
				E2933BAD230A8E0500F68A87 /* Login.storyboard */,
				E2933BAF230A8E1600F68A87 /* LoginViewController.swift */,
			);
			path = LoginView;
			sourceTree = "<group>";
		};
		E2933BB1230A9D1800F68A87 /* extensions */ = {
			isa = PBXGroup;
			children = (
				E2933BB2230A9D3F00F68A87 /* TextFieldExtension.swift */,
			);
			path = extensions;
			sourceTree = "<group>";
		};
		E2933BB4230B813400F68A87 /* TopView */ = {
			isa = PBXGroup;
			children = (
				E2933BB5230B815900F68A87 /* Top.storyboard */,
				E2933BCD230CF7AC00F68A87 /* WaittingViewController.swift */,
				E2933BCB230CEE4200F68A87 /* TopCollectionViewCell.swift */,
				E2933BC9230CD03400F68A87 /* TopViewController.swift */,
			);
			path = TopView;
			sourceTree = "<group>";
		};
		E2933BB7230B8B8300F68A87 /* RoomView */ = {
			isa = PBXGroup;
			children = (
				E2933BB8230B8B9800F68A87 /* RoomView.storyboard */,
				E2933BBC230B9CA900F68A87 /* SelectRoomTableViewController.swift */,
				E2933BBA230B8C1600F68A87 /* RoomViewController.swift */,
			);
			path = RoomView;
			sourceTree = "<group>";
		};
		E2933BC4230BF11700F68A87 /* GroupView */ = {
			isa = PBXGroup;
			children = (
				E2933BC5230BF15200F68A87 /* Group.storyboard */,
				E2933BC7230BF1A200F68A87 /* GroupViewController.swift */,
			);
			path = GroupView;
			sourceTree = "<group>";
		};
/* End PBXGroup section */

/* Begin PBXNativeTarget section */
		E2933B672309171E00F68A87 /* ImageShareApp */ = {
			isa = PBXNativeTarget;
			buildConfigurationList = E2933B7A2309171F00F68A87 /* Build configuration list for PBXNativeTarget "ImageShareApp" */;
			buildPhases = (
				4EE71A7ECCAA3980D7A611ED /* [CP] Check Pods Manifest.lock */,
				E2933B642309171E00F68A87 /* Sources */,
				E2933B652309171E00F68A87 /* Frameworks */,
				E2933B662309171E00F68A87 /* Resources */,
				A561F1692837377F3D73A0F0 /* [CP] Embed Pods Frameworks */,
			);
			buildRules = (
			);
			dependencies = (
			);
			name = ImageShareApp;
			productName = ImageShareApp;
			productReference = E2933B682309171E00F68A87 /* ImageShareApp.app */;
			productType = "com.apple.product-type.application";
		};
/* End PBXNativeTarget section */

/* Begin PBXProject section */
		E2933B602309171E00F68A87 /* Project object */ = {
			isa = PBXProject;
			attributes = {
				LastSwiftUpdateCheck = 1030;
				LastUpgradeCheck = 1030;
				ORGANIZATIONNAME = "田内　翔太郎";
				TargetAttributes = {
					E2933B672309171E00F68A87 = {
						CreatedOnToolsVersion = 10.3;
					};
				};
			};
			buildConfigurationList = E2933B632309171E00F68A87 /* Build configuration list for PBXProject "ImageShareApp" */;
			compatibilityVersion = "Xcode 9.3";
			developmentRegion = en;
			hasScannedForEncodings = 0;
			knownRegions = (
				en,
				Base,
			);
			mainGroup = E2933B5F2309171E00F68A87;
			productRefGroup = E2933B692309171E00F68A87 /* Products */;
			projectDirPath = "";
			projectRoot = "";
			targets = (
				E2933B672309171E00F68A87 /* ImageShareApp */,
			);
		};
/* End PBXProject section */

/* Begin PBXResourcesBuildPhase section */
		E2933B662309171E00F68A87 /* Resources */ = {
			isa = PBXResourcesBuildPhase;
			buildActionMask = 2147483647;
			files = (
				E2933B762309171F00F68A87 /* LaunchScreen.storyboard in Resources */,
				E2933B732309171F00F68A87 /* Assets.xcassets in Resources */,
				E2933BB6230B815900F68A87 /* Top.storyboard in Resources */,
				E2933B712309171E00F68A87 /* Main.storyboard in Resources */,
				E2933BC6230BF15200F68A87 /* Group.storyboard in Resources */,
				E2933BB9230B8B9800F68A87 /* RoomView.storyboard in Resources */,
				E2933BAE230A8E0500F68A87 /* Login.storyboard in Resources */,
				E2933B7E23091A3600F68A87 /* GoogleService-Info.plist in Resources */,
			);
			runOnlyForDeploymentPostprocessing = 0;
		};
/* End PBXResourcesBuildPhase section */

/* Begin PBXShellScriptBuildPhase section */
		4EE71A7ECCAA3980D7A611ED /* [CP] Check Pods Manifest.lock */ = {
			isa = PBXShellScriptBuildPhase;
			buildActionMask = 2147483647;
			files = (
			);
			inputFileListPaths = (
			);
			inputPaths = (
				"${PODS_PODFILE_DIR_PATH}/Podfile.lock",
				"${PODS_ROOT}/Manifest.lock",
			);
			name = "[CP] Check Pods Manifest.lock";
			outputFileListPaths = (
			);
			outputPaths = (
				"$(DERIVED_FILE_DIR)/Pods-ImageShareApp-checkManifestLockResult.txt",
			);
			runOnlyForDeploymentPostprocessing = 0;
			shellPath = /bin/sh;
			shellScript = "diff \"${PODS_PODFILE_DIR_PATH}/Podfile.lock\" \"${PODS_ROOT}/Manifest.lock\" > /dev/null\nif [ $? != 0 ] ; then\n    # print error to STDERR\n    echo \"error: The sandbox is not in sync with the Podfile.lock. Run 'pod install' or update your CocoaPods installation.\" >&2\n    exit 1\nfi\n# This output is used by Xcode 'outputs' to avoid re-running this script phase.\necho \"SUCCESS\" > \"${SCRIPT_OUTPUT_FILE_0}\"\n";
			showEnvVarsInLog = 0;
		};
		A561F1692837377F3D73A0F0 /* [CP] Embed Pods Frameworks */ = {
			isa = PBXShellScriptBuildPhase;
			buildActionMask = 2147483647;
			files = (
			);
			inputFileListPaths = (
			);
			inputPaths = (
				"${PODS_ROOT}/Target Support Files/Pods-ImageShareApp/Pods-ImageShareApp-frameworks.sh",
				"${BUILT_PRODUCTS_DIR}/ACEDrawingView/ACEDrawingView.framework",
				"${BUILT_PRODUCTS_DIR}/BAFluidView/BAFluidView.framework",
				"${BUILT_PRODUCTS_DIR}/BetterSegmentedControl/BetterSegmentedControl.framework",
				"${BUILT_PRODUCTS_DIR}/BoringSSL-GRPC/openssl_grpc.framework",
				"${BUILT_PRODUCTS_DIR}/GTMSessionFetcher/GTMSessionFetcher.framework",
				"${BUILT_PRODUCTS_DIR}/GoogleUtilities/GoogleUtilities.framework",
				"${BUILT_PRODUCTS_DIR}/Material/Material.framework",
				"${BUILT_PRODUCTS_DIR}/Motion/Motion.framework",
				"${BUILT_PRODUCTS_DIR}/NVActivityIndicatorView/NVActivityIndicatorView.framework",
				"${BUILT_PRODUCTS_DIR}/PMAlertController/PMAlertController.framework",
				"${BUILT_PRODUCTS_DIR}/Protobuf/Protobuf.framework",
				"${BUILT_PRODUCTS_DIR}/gRPC-C++/grpcpp.framework",
				"${BUILT_PRODUCTS_DIR}/gRPC-Core/grpc.framework",
				"${BUILT_PRODUCTS_DIR}/leveldb-library/leveldb.framework",
				"${BUILT_PRODUCTS_DIR}/nanopb/nanopb.framework",
			);
			name = "[CP] Embed Pods Frameworks";
			outputFileListPaths = (
			);
			outputPaths = (
				"${TARGET_BUILD_DIR}/${FRAMEWORKS_FOLDER_PATH}/ACEDrawingView.framework",
				"${TARGET_BUILD_DIR}/${FRAMEWORKS_FOLDER_PATH}/BAFluidView.framework",
				"${TARGET_BUILD_DIR}/${FRAMEWORKS_FOLDER_PATH}/BetterSegmentedControl.framework",
				"${TARGET_BUILD_DIR}/${FRAMEWORKS_FOLDER_PATH}/openssl_grpc.framework",
				"${TARGET_BUILD_DIR}/${FRAMEWORKS_FOLDER_PATH}/GTMSessionFetcher.framework",
				"${TARGET_BUILD_DIR}/${FRAMEWORKS_FOLDER_PATH}/GoogleUtilities.framework",
				"${TARGET_BUILD_DIR}/${FRAMEWORKS_FOLDER_PATH}/Material.framework",
				"${TARGET_BUILD_DIR}/${FRAMEWORKS_FOLDER_PATH}/Motion.framework",
				"${TARGET_BUILD_DIR}/${FRAMEWORKS_FOLDER_PATH}/NVActivityIndicatorView.framework",
				"${TARGET_BUILD_DIR}/${FRAMEWORKS_FOLDER_PATH}/PMAlertController.framework",
				"${TARGET_BUILD_DIR}/${FRAMEWORKS_FOLDER_PATH}/Protobuf.framework",
				"${TARGET_BUILD_DIR}/${FRAMEWORKS_FOLDER_PATH}/grpcpp.framework",
				"${TARGET_BUILD_DIR}/${FRAMEWORKS_FOLDER_PATH}/grpc.framework",
				"${TARGET_BUILD_DIR}/${FRAMEWORKS_FOLDER_PATH}/leveldb.framework",
				"${TARGET_BUILD_DIR}/${FRAMEWORKS_FOLDER_PATH}/nanopb.framework",
			);
			runOnlyForDeploymentPostprocessing = 0;
			shellPath = /bin/sh;
			shellScript = "\"${PODS_ROOT}/Target Support Files/Pods-ImageShareApp/Pods-ImageShareApp-frameworks.sh\"\n";
			showEnvVarsInLog = 0;
		};
/* End PBXShellScriptBuildPhase section */

/* Begin PBXSourcesBuildPhase section */
		E2933B642309171E00F68A87 /* Sources */ = {
			isa = PBXSourcesBuildPhase;
			buildActionMask = 2147483647;
			files = (
				E2933BC8230BF1A200F68A87 /* GroupViewController.swift in Sources */,
				E2933BB0230A8E1600F68A87 /* LoginViewController.swift in Sources */,
				E2933B6E2309171E00F68A87 /* ViewController.swift in Sources */,
				E2933BCA230CD03400F68A87 /* TopViewController.swift in Sources */,
				E2933B812309420100F68A87 /* PenMenuViewController.swift in Sources */,
				E2933BBB230B8C1600F68A87 /* RoomViewController.swift in Sources */,
				E2933BB3230A9D3F00F68A87 /* TextFieldExtension.swift in Sources */,
				E2933BBD230B9CA900F68A87 /* SelectRoomTableViewController.swift in Sources */,
				E2933BCC230CEE4200F68A87 /* TopCollectionViewCell.swift in Sources */,
				E2933BCE230CF7AC00F68A87 /* WaittingViewController.swift in Sources */,
				E2933B6C2309171E00F68A87 /* AppDelegate.swift in Sources */,
			);
			runOnlyForDeploymentPostprocessing = 0;
		};
/* End PBXSourcesBuildPhase section */

/* Begin PBXVariantGroup section */
		E2933B6F2309171E00F68A87 /* Main.storyboard */ = {
			isa = PBXVariantGroup;
			children = (
				E2933B702309171E00F68A87 /* Base */,
			);
			name = Main.storyboard;
			sourceTree = "<group>";
		};
		E2933B742309171F00F68A87 /* LaunchScreen.storyboard */ = {
			isa = PBXVariantGroup;
			children = (
				E2933B752309171F00F68A87 /* Base */,
			);
			name = LaunchScreen.storyboard;
			sourceTree = "<group>";
		};
/* End PBXVariantGroup section */

/* Begin XCBuildConfiguration section */
		E2933B782309171F00F68A87 /* Debug */ = {
			isa = XCBuildConfiguration;
			buildSettings = {
				ALWAYS_SEARCH_USER_PATHS = NO;
				CLANG_ANALYZER_NONNULL = YES;
				CLANG_ANALYZER_NUMBER_OBJECT_CONVERSION = YES_AGGRESSIVE;
				CLANG_CXX_LANGUAGE_STANDARD = "gnu++14";
				CLANG_CXX_LIBRARY = "libc++";
				CLANG_ENABLE_MODULES = YES;
				CLANG_ENABLE_OBJC_ARC = YES;
				CLANG_ENABLE_OBJC_WEAK = YES;
				CLANG_WARN_BLOCK_CAPTURE_AUTORELEASING = YES;
				CLANG_WARN_BOOL_CONVERSION = YES;
				CLANG_WARN_COMMA = YES;
				CLANG_WARN_CONSTANT_CONVERSION = YES;
				CLANG_WARN_DEPRECATED_OBJC_IMPLEMENTATIONS = YES;
				CLANG_WARN_DIRECT_OBJC_ISA_USAGE = YES_ERROR;
				CLANG_WARN_DOCUMENTATION_COMMENTS = YES;
				CLANG_WARN_EMPTY_BODY = YES;
				CLANG_WARN_ENUM_CONVERSION = YES;
				CLANG_WARN_INFINITE_RECURSION = YES;
				CLANG_WARN_INT_CONVERSION = YES;
				CLANG_WARN_NON_LITERAL_NULL_CONVERSION = YES;
				CLANG_WARN_OBJC_IMPLICIT_RETAIN_SELF = YES;
				CLANG_WARN_OBJC_LITERAL_CONVERSION = YES;
				CLANG_WARN_OBJC_ROOT_CLASS = YES_ERROR;
				CLANG_WARN_RANGE_LOOP_ANALYSIS = YES;
				CLANG_WARN_STRICT_PROTOTYPES = YES;
				CLANG_WARN_SUSPICIOUS_MOVE = YES;
				CLANG_WARN_UNGUARDED_AVAILABILITY = YES_AGGRESSIVE;
				CLANG_WARN_UNREACHABLE_CODE = YES;
				CLANG_WARN__DUPLICATE_METHOD_MATCH = YES;
				CODE_SIGN_IDENTITY = "iPhone Developer";
				COPY_PHASE_STRIP = NO;
				DEBUG_INFORMATION_FORMAT = dwarf;
				ENABLE_STRICT_OBJC_MSGSEND = YES;
				ENABLE_TESTABILITY = YES;
				GCC_C_LANGUAGE_STANDARD = gnu11;
				GCC_DYNAMIC_NO_PIC = NO;
				GCC_NO_COMMON_BLOCKS = YES;
				GCC_OPTIMIZATION_LEVEL = 0;
				GCC_PREPROCESSOR_DEFINITIONS = (
					"DEBUG=1",
					"$(inherited)",
				);
				GCC_WARN_64_TO_32_BIT_CONVERSION = YES;
				GCC_WARN_ABOUT_RETURN_TYPE = YES_ERROR;
				GCC_WARN_UNDECLARED_SELECTOR = YES;
				GCC_WARN_UNINITIALIZED_AUTOS = YES_AGGRESSIVE;
				GCC_WARN_UNUSED_FUNCTION = YES;
				GCC_WARN_UNUSED_VARIABLE = YES;
				IPHONEOS_DEPLOYMENT_TARGET = 12.4;
				MTL_ENABLE_DEBUG_INFO = INCLUDE_SOURCE;
				MTL_FAST_MATH = YES;
				ONLY_ACTIVE_ARCH = YES;
				SDKROOT = iphoneos;
				SWIFT_ACTIVE_COMPILATION_CONDITIONS = DEBUG;
				SWIFT_OPTIMIZATION_LEVEL = "-Onone";
			};
			name = Debug;
		};
		E2933B792309171F00F68A87 /* Release */ = {
			isa = XCBuildConfiguration;
			buildSettings = {
				ALWAYS_SEARCH_USER_PATHS = NO;
				CLANG_ANALYZER_NONNULL = YES;
				CLANG_ANALYZER_NUMBER_OBJECT_CONVERSION = YES_AGGRESSIVE;
				CLANG_CXX_LANGUAGE_STANDARD = "gnu++14";
				CLANG_CXX_LIBRARY = "libc++";
				CLANG_ENABLE_MODULES = YES;
				CLANG_ENABLE_OBJC_ARC = YES;
				CLANG_ENABLE_OBJC_WEAK = YES;
				CLANG_WARN_BLOCK_CAPTURE_AUTORELEASING = YES;
				CLANG_WARN_BOOL_CONVERSION = YES;
				CLANG_WARN_COMMA = YES;
				CLANG_WARN_CONSTANT_CONVERSION = YES;
				CLANG_WARN_DEPRECATED_OBJC_IMPLEMENTATIONS = YES;
				CLANG_WARN_DIRECT_OBJC_ISA_USAGE = YES_ERROR;
				CLANG_WARN_DOCUMENTATION_COMMENTS = YES;
				CLANG_WARN_EMPTY_BODY = YES;
				CLANG_WARN_ENUM_CONVERSION = YES;
				CLANG_WARN_INFINITE_RECURSION = YES;
				CLANG_WARN_INT_CONVERSION = YES;
				CLANG_WARN_NON_LITERAL_NULL_CONVERSION = YES;
				CLANG_WARN_OBJC_IMPLICIT_RETAIN_SELF = YES;
				CLANG_WARN_OBJC_LITERAL_CONVERSION = YES;
				CLANG_WARN_OBJC_ROOT_CLASS = YES_ERROR;
				CLANG_WARN_RANGE_LOOP_ANALYSIS = YES;
				CLANG_WARN_STRICT_PROTOTYPES = YES;
				CLANG_WARN_SUSPICIOUS_MOVE = YES;
				CLANG_WARN_UNGUARDED_AVAILABILITY = YES_AGGRESSIVE;
				CLANG_WARN_UNREACHABLE_CODE = YES;
				CLANG_WARN__DUPLICATE_METHOD_MATCH = YES;
				CODE_SIGN_IDENTITY = "iPhone Developer";
				COPY_PHASE_STRIP = NO;
				DEBUG_INFORMATION_FORMAT = "dwarf-with-dsym";
				ENABLE_NS_ASSERTIONS = NO;
				ENABLE_STRICT_OBJC_MSGSEND = YES;
				GCC_C_LANGUAGE_STANDARD = gnu11;
				GCC_NO_COMMON_BLOCKS = YES;
				GCC_WARN_64_TO_32_BIT_CONVERSION = YES;
				GCC_WARN_ABOUT_RETURN_TYPE = YES_ERROR;
				GCC_WARN_UNDECLARED_SELECTOR = YES;
				GCC_WARN_UNINITIALIZED_AUTOS = YES_AGGRESSIVE;
				GCC_WARN_UNUSED_FUNCTION = YES;
				GCC_WARN_UNUSED_VARIABLE = YES;
				IPHONEOS_DEPLOYMENT_TARGET = 12.4;
				MTL_ENABLE_DEBUG_INFO = NO;
				MTL_FAST_MATH = YES;
				SDKROOT = iphoneos;
				SWIFT_COMPILATION_MODE = wholemodule;
				SWIFT_OPTIMIZATION_LEVEL = "-O";
				VALIDATE_PRODUCT = YES;
			};
			name = Release;
		};
		E2933B7B2309171F00F68A87 /* Debug */ = {
			isa = XCBuildConfiguration;
			baseConfigurationReference = 7A27C4FB47410843A627483A /* Pods-ImageShareApp.debug.xcconfig */;
			buildSettings = {
				ASSETCATALOG_COMPILER_APPICON_NAME = AppIcon;
				CODE_SIGN_STYLE = Automatic;
				INFOPLIST_FILE = ImageShareApp/Info.plist;
				LD_RUNPATH_SEARCH_PATHS = (
					"$(inherited)",
					"@executable_path/Frameworks",
				);
				PRODUCT_BUNDLE_IDENTIFIER = com.gmail.shotaro.tu13.ImageShareApp;
				PRODUCT_NAME = "$(TARGET_NAME)";
				SWIFT_VERSION = 5.0;
				TARGETED_DEVICE_FAMILY = "1,2";
			};
			name = Debug;
		};
		E2933B7C2309171F00F68A87 /* Release */ = {
			isa = XCBuildConfiguration;
			baseConfigurationReference = AABC53F33899CC8865AA40D2 /* Pods-ImageShareApp.release.xcconfig */;
			buildSettings = {
				ASSETCATALOG_COMPILER_APPICON_NAME = AppIcon;
				CODE_SIGN_STYLE = Automatic;
				INFOPLIST_FILE = ImageShareApp/Info.plist;
				LD_RUNPATH_SEARCH_PATHS = (
					"$(inherited)",
					"@executable_path/Frameworks",
				);
				PRODUCT_BUNDLE_IDENTIFIER = com.gmail.shotaro.tu13.ImageShareApp;
				PRODUCT_NAME = "$(TARGET_NAME)";
				SWIFT_VERSION = 5.0;
				TARGETED_DEVICE_FAMILY = "1,2";
			};
			name = Release;
		};
/* End XCBuildConfiguration section */

/* Begin XCConfigurationList section */
		E2933B632309171E00F68A87 /* Build configuration list for PBXProject "ImageShareApp" */ = {
			isa = XCConfigurationList;
			buildConfigurations = (
				E2933B782309171F00F68A87 /* Debug */,
				E2933B792309171F00F68A87 /* Release */,
			);
			defaultConfigurationIsVisible = 0;
			defaultConfigurationName = Release;
		};
		E2933B7A2309171F00F68A87 /* Build configuration list for PBXNativeTarget "ImageShareApp" */ = {
			isa = XCConfigurationList;
			buildConfigurations = (
				E2933B7B2309171F00F68A87 /* Debug */,
				E2933B7C2309171F00F68A87 /* Release */,
			);
			defaultConfigurationIsVisible = 0;
			defaultConfigurationName = Release;
		};
/* End XCConfigurationList section */
	};
	rootObject = E2933B602309171E00F68A87 /* Project object */;
}
